{
  "name": "solana-alpha-trading-bot",
  "version": "0.1.0",
  "lockfileVersion": 3,
  "requires": true,
  "packages": {
    "": {
      "name": "solana-alpha-trading-bot",
      "version": "0.1.0",
      "workspaces": [
        "packages/*"
      ],
      "dependencies": {
        "dotenv": "^17.4.2",
        "pino": "^10.3.1",
        "zod": "^3.24.2"
      },
      "devDependencies": {
        "@types/node": "^22.10.0",
        "prettier": "^3.4.2",
        "typescript": "^5.7.2",
        "vitest": "^2.1.8"
      }
    },
    "packages/config": {
      "name": "@alpha/config",
      "version": "0.1.0"
    },
    "packages/holders": {
      "name": "@alpha/holders",
      "version": "0.1.0"
    },
    "packages/liquidity": {
      "name": "@alpha/liquidity",
      "version": "0.1.0"
    },
    "packages/logger": {
      "name": "@alpha/logger",
      "version": "0.1.0"
    },
    "packages/market-data": {
      "name": "@alpha/market-data",
      "version": "0.1.0"
    },
    "packages/onchain": {
      "name": "@alpha/onchain",
      "version": "0.1.0",
      "dependencies": {
        "@alpha/config": "*",
        "@alpha/logger": "*"
      }
    },
    "packages/scoring": {
      "name": "@alpha/scoring",
      "version": "0.1.0"
    },
    "packages/solana": {
      "name": "@alpha/solana",
      "version": "0.1.0",
      "dependencies": {
        "@alpha/config": "*",
        "@alpha/logger": "*"
      }
    },
    "packages/token-safety": {
      "name": "@alpha/token-safety",
      "version": "0.1.0",
      "dependencies": {
        "@alpha/config": "*"
      }
    },
    "node_modules/@types/node": {
      "version": "22.10.0",
      "dev": true
    },
    "node_modules/dotenv": {
      "version": "17.4.2"
    },
    "node_modules/pino": {
      "version": "10.3.1"
    },
    "node_modules/prettier": {
      "version": "3.4.2",
      "dev": true
    },
    "node_modules/typescript": {
      "version": "5.7.2",
      "dev": true
    },
    "node_modules/vitest": {
      "version": "2.1.8",
      "dev": true
    },
    "node_modules/zod": {
      "version": "3.24.2"
    }
  }
}
