{"name":"solana-alpha-trading-bot","version":"0.1.0","lockfileVersion":3,"requires":true,"packages":{"":{"name":"solana-alpha-trading-bot","version":"0.1.0","workspaces":["apps/scanner","packages/*"],"dependencies":{"dotenv":"^17.4.2","pino":"^10.3.1","zod":"^3.24.2"},"devDependencies":{"@types/node":"^22.10.0","prettier":"^3.4.2","typescript":"^5.7.2","vitest":"^2.1.8"}},"node_modules/@types/node":{"version":"22.10.0","dev":true},"node_modules/dotenv":{"version":"17.4.2"},"node_modules/pino":{"version":"10.3.1"},"node_modules/prettier":{"version":"3.4.2","dev":true},"node_modules/typescript":{"version":"5.7.2","dev":true},"node_modules/vitest":{"version":"2.1.8","dev":true},"node_modules/zod":{"version":"3.24.2"}}}
